{
  "name": "editorjs-signature-tool",
  "version": "2.0.0",
  "lockfileVersion": 1,
  "requires": true,
  "dependencies": {
    "signature_pad": {
      "version": "5.0.4",
      "resolved": "https://registry.npmjs.org/signature_pad/-/signature_pad-5.0.4.tgz",
      "integrity": "sha512-nngOixbwLAUOuH3QnZwlgwmynQblxmo4iWacKFwfymJfiY+Qt+9icNtcIe/okqXKun4hJ5QTFmHyC7dmv6lf2w=="
    }
  }
}
